
Microsoft Visual Studio Solution File, Format Version 12.00
# Visual Studio Version 16
VisualStudioVersion = 16.0.30907.101
MinimumVisualStudioVersion = 10.0.40219.1
Project("{FAE04EC0-301F-11D3-BF4B-00C04F79EFBC}") = "1322 Assignment 12", "1322 Assignment 12.csproj", "{D0024C28-51F4-4E99-BDD2-673D5F26D5AF}"
EndProject
Global
	GlobalSection(SolutionConfigurationPlatforms) = preSolution
		Debug|Any CPU = Debug|Any CPU
		Release|Any CPU = Release|Any CPU
	EndGlobalSection
	GlobalSection(ProjectConfigurationPlatforms) = postSolution
		{D0024C28-51F4-4E99-BDD2-673D5F26D5AF}.Debug|Any CPU.ActiveCfg = Debug|Any CPU
		{D0024C28-51F4-4E99-BDD2-673D5F26D5AF}.Debug|Any CPU.Build.0 = Debug|Any CPU
		{D0024C28-51F4-4E99-BDD2-673D5F26D5AF}.Release|Any CPU.ActiveCfg = Release|Any CPU
		{D0024C28-51F4-4E99-BDD2-673D5F26D5AF}.Release|Any CPU.Build.0 = Release|Any CPU
	EndGlobalSection
	GlobalSection(SolutionProperties) = preSolution
		HideSolutionNode = FALSE
	EndGlobalSection
	GlobalSection(ExtensibilityGlobals) = postSolution
		SolutionGuid = {329C2349-044A-4059-BB6E-5127F7CA63FE}
	EndGlobalSection
EndGlobal
