
Microsoft Visual Studio Solution File, Format Version 12.00
# Visual Studio Version 16
VisualStudioVersion = 16.0.30907.101
MinimumVisualStudioVersion = 10.0.40219.1
Project("{FAE04EC0-301F-11D3-BF4B-00C04F79EFBC}") = "1322 Assignment 12", "1322 Assignment 12\1322 Assignment 12.csproj", "{0BDAC9BC-49D1-4263-896F-0D467855ED63}"
EndProject
Global
	GlobalSection(SolutionConfigurationPlatforms) = preSolution
		Debug|Any CPU = Debug|Any CPU
		Release|Any CPU = Release|Any CPU
	EndGlobalSection
	GlobalSection(ProjectConfigurationPlatforms) = postSolution
		{0BDAC9BC-49D1-4263-896F-0D467855ED63}.Debug|Any CPU.ActiveCfg = Debug|Any CPU
		{0BDAC9BC-49D1-4263-896F-0D467855ED63}.Debug|Any CPU.Build.0 = Debug|Any CPU
		{0BDAC9BC-49D1-4263-896F-0D467855ED63}.Release|Any CPU.ActiveCfg = Release|Any CPU
		{0BDAC9BC-49D1-4263-896F-0D467855ED63}.Release|Any CPU.Build.0 = Release|Any CPU
	EndGlobalSection
	GlobalSection(SolutionProperties) = preSolution
		HideSolutionNode = FALSE
	EndGlobalSection
	GlobalSection(ExtensibilityGlobals) = postSolution
		SolutionGuid = {7144E764-FD3E-4353-92C2-A20B89597624}
	EndGlobalSection
EndGlobal
