
Microsoft Visual Studio Solution File, Format Version 12.00
# Visual Studio Version 16
VisualStudioVersion = 16.0.30907.101
MinimumVisualStudioVersion = 10.0.40219.1
Project("{FAE04EC0-301F-11D3-BF4B-00C04F79EFBC}") = "1322 Assignment 2", "1322 Assignment 2\1322 Assignment 2.csproj", "{89804C6B-7842-4D74-BFCC-636B92A81794}"
EndProject
Global
	GlobalSection(SolutionConfigurationPlatforms) = preSolution
		Debug|Any CPU = Debug|Any CPU
		Release|Any CPU = Release|Any CPU
	EndGlobalSection
	GlobalSection(ProjectConfigurationPlatforms) = postSolution
		{89804C6B-7842-4D74-BFCC-636B92A81794}.Debug|Any CPU.ActiveCfg = Debug|Any CPU
		{89804C6B-7842-4D74-BFCC-636B92A81794}.Debug|Any CPU.Build.0 = Debug|Any CPU
		{89804C6B-7842-4D74-BFCC-636B92A81794}.Release|Any CPU.ActiveCfg = Release|Any CPU
		{89804C6B-7842-4D74-BFCC-636B92A81794}.Release|Any CPU.Build.0 = Release|Any CPU
	EndGlobalSection
	GlobalSection(SolutionProperties) = preSolution
		HideSolutionNode = FALSE
	EndGlobalSection
	GlobalSection(ExtensibilityGlobals) = postSolution
		SolutionGuid = {E44BDCFB-02AA-4732-A3A6-A297C868466E}
	EndGlobalSection
EndGlobal
