
Microsoft Visual Studio Solution File, Format Version 12.00
# Visual Studio Version 16
VisualStudioVersion = 16.0.30907.101
MinimumVisualStudioVersion = 10.0.40219.1
Project("{FAE04EC0-301F-11D3-BF4B-00C04F79EFBC}") = "1322 Assignment 7", "1322 Assignment 7\1322 Assignment 7.csproj", "{7813C86C-13FF-4DC7-ACA6-98EE04B8574E}"
EndProject
Global
	GlobalSection(SolutionConfigurationPlatforms) = preSolution
		Debug|Any CPU = Debug|Any CPU
		Release|Any CPU = Release|Any CPU
	EndGlobalSection
	GlobalSection(ProjectConfigurationPlatforms) = postSolution
		{7813C86C-13FF-4DC7-ACA6-98EE04B8574E}.Debug|Any CPU.ActiveCfg = Debug|Any CPU
		{7813C86C-13FF-4DC7-ACA6-98EE04B8574E}.Debug|Any CPU.Build.0 = Debug|Any CPU
		{7813C86C-13FF-4DC7-ACA6-98EE04B8574E}.Release|Any CPU.ActiveCfg = Release|Any CPU
		{7813C86C-13FF-4DC7-ACA6-98EE04B8574E}.Release|Any CPU.Build.0 = Release|Any CPU
	EndGlobalSection
	GlobalSection(SolutionProperties) = preSolution
		HideSolutionNode = FALSE
	EndGlobalSection
	GlobalSection(ExtensibilityGlobals) = postSolution
		SolutionGuid = {4D8A98C2-861E-4664-8B7C-5A5003373E76}
	EndGlobalSection
EndGlobal
