
Microsoft Visual Studio Solution File, Format Version 12.00
# Visual Studio Version 16
VisualStudioVersion = 16.0.30907.101
MinimumVisualStudioVersion = 10.0.40219.1
Project("{FAE04EC0-301F-11D3-BF4B-00C04F79EFBC}") = "1322 Assignment 10", "1322 Assignment 10\1322 Assignment 10.csproj", "{8E59980C-A7E9-4057-80E0-AB7AC6474421}"
EndProject
Global
	GlobalSection(SolutionConfigurationPlatforms) = preSolution
		Debug|Any CPU = Debug|Any CPU
		Release|Any CPU = Release|Any CPU
	EndGlobalSection
	GlobalSection(ProjectConfigurationPlatforms) = postSolution
		{8E59980C-A7E9-4057-80E0-AB7AC6474421}.Debug|Any CPU.ActiveCfg = Debug|Any CPU
		{8E59980C-A7E9-4057-80E0-AB7AC6474421}.Debug|Any CPU.Build.0 = Debug|Any CPU
		{8E59980C-A7E9-4057-80E0-AB7AC6474421}.Release|Any CPU.ActiveCfg = Release|Any CPU
		{8E59980C-A7E9-4057-80E0-AB7AC6474421}.Release|Any CPU.Build.0 = Release|Any CPU
	EndGlobalSection
	GlobalSection(SolutionProperties) = preSolution
		HideSolutionNode = FALSE
	EndGlobalSection
	GlobalSection(ExtensibilityGlobals) = postSolution
		SolutionGuid = {BE3E58C9-93FA-4305-B4C3-9C17EB633AD9}
	EndGlobalSection
EndGlobal
