
Microsoft Visual Studio Solution File, Format Version 12.00
# Visual Studio Version 16
VisualStudioVersion = 16.0.30907.101
MinimumVisualStudioVersion = 10.0.40219.1
Project("{FAE04EC0-301F-11D3-BF4B-00C04F79EFBC}") = "1322 Lab 9", "1322 Lab 9\1322 Lab 9.csproj", "{8722D7F4-6D2B-47D6-976B-57EE22824C84}"
EndProject
Global
	GlobalSection(SolutionConfigurationPlatforms) = preSolution
		Debug|Any CPU = Debug|Any CPU
		Release|Any CPU = Release|Any CPU
	EndGlobalSection
	GlobalSection(ProjectConfigurationPlatforms) = postSolution
		{8722D7F4-6D2B-47D6-976B-57EE22824C84}.Debug|Any CPU.ActiveCfg = Debug|Any CPU
		{8722D7F4-6D2B-47D6-976B-57EE22824C84}.Debug|Any CPU.Build.0 = Debug|Any CPU
		{8722D7F4-6D2B-47D6-976B-57EE22824C84}.Release|Any CPU.ActiveCfg = Release|Any CPU
		{8722D7F4-6D2B-47D6-976B-57EE22824C84}.Release|Any CPU.Build.0 = Release|Any CPU
	EndGlobalSection
	GlobalSection(SolutionProperties) = preSolution
		HideSolutionNode = FALSE
	EndGlobalSection
	GlobalSection(ExtensibilityGlobals) = postSolution
		SolutionGuid = {4875ADDE-A5E0-4EEF-BAA6-5E2935D5656E}
	EndGlobalSection
EndGlobal
